PODS:
  - flutter_desktop_cef_web (0.0.1):
    - FlutterMacOS
  - FlutterMacOS (1.0.0)

DEPENDENCIES:
  - flutter_desktop_cef_web (from `Flutter/ephemeral/.symlinks/plugins/flutter_desktop_cef_web/macos`)
  - FlutterMacOS (from `Flutter/ephemeral`)

EXTERNAL SOURCES:
  flutter_desktop_cef_web:
    :path: Flutter/ephemeral/.symlinks/plugins/flutter_desktop_cef_web/macos
  FlutterMacOS:
    :path: Flutter/ephemeral

SPEC CHECKSUMS:
  flutter_desktop_cef_web: 869a1bb1d3f8748a9043e344e155143339078fe0
  FlutterMacOS: 8f6f14fa908a6fb3fba0cd85dbd81ec4b251fb24

PODFILE CHECKSUM: 353c8bcc5d5b0994e508d035b5431cfe18c1dea7

COCOAPODS: 1.12.1
